// !$*UTF8*$!
{
	archiveVersion = 1;
	classes = {
	};
	objectVersion = 51;
	objects = {

/* Begin PBXFileReference section */
		8D764D12268347610076321A /* English */ = {isa = PBXFileReference; lastKnownFileType = wrapper.nib; name = English; path = MainMenu.nib; sourceTree = "<group>"; };
		8D764D14268347610076321A /* English */ = {isa = PBXFileReference; lastKnownFileType = wrapper.nib; name = English; path = ExportImageAccessory.nib; sourceTree = "<group>"; };
		8D764D16268347610076321A /* English */ = {isa = PBXFileReference; lastKnownFileType = wrapper.nib; name = English; path = NodeBoxDocument.nib; sourceTree = "<group>"; };
		8D764D18268347620076321A /* English */ = {isa = PBXFileReference; lastKnownFileType = wrapper.nib; name = English; path = NodeBoxPreferences.nib; sourceTree = "<group>"; };
		8D764D1A268347620076321A /* English */ = {isa = PBXFileReference; lastKnownFileType = wrapper.nib; name = English; path = ProgressBarSheet.nib; sourceTree = "<group>"; };
		8D764D1C268347620076321A /* English */ = {isa = PBXFileReference; lastKnownFileType = wrapper.nib; name = English; path = AskString.nib; sourceTree = "<group>"; };
		8D764D1E268347620076321A /* English */ = {isa = PBXFileReference; lastKnownFileType = wrapper.nib; name = English; path = ExportMovieAccessory.nib; sourceTree = "<group>"; };
		8D8C60A21F06730900941B9D /* English */ = {isa = PBXFileReference; fileEncoding = 4; lastKnownFileType = text.script.python; name = English; path = AskStringWindowController.py; sourceTree = "<group>"; };
		8D8C60A41F06730900941B9D /* English */ = {isa = PBXFileReference; fileEncoding = 4; lastKnownFileType = text.script.python; name = English; path = DashboardController.py; sourceTree = "<group>"; };
		8D8C60A61F06730900941B9D /* English */ = {isa = PBXFileReference; fileEncoding = 4; lastKnownFileType = text.script.python; name = English; path = NodeBoxAppDelegate.py; sourceTree = "<group>"; };
		8D8C60A81F06730900941B9D /* English */ = {isa = PBXFileReference; fileEncoding = 4; lastKnownFileType = text.script.python; name = English; path = NodeBoxDocument.py; sourceTree = "<group>"; };
		8D8C60AA1F06730900941B9D /* English */ = {isa = PBXFileReference; fileEncoding = 4; lastKnownFileType = text.script.python; name = English; path = NodeBoxPreferencesController.py; sourceTree = "<group>"; };
		8D8C60AC1F06730900941B9D /* English */ = {isa = PBXFileReference; fileEncoding = 4; lastKnownFileType = text.script.python; name = English; path = ProgressBarController.py; sourceTree = "<group>"; };
		8DF274B11FAF40AF00112D6B /* English */ = {isa = PBXFileReference; lastKnownFileType = text.rtf; name = English; path = Credits.rtf; sourceTree = "<group>"; };
/* End PBXFileReference section */

/* Begin PBXGroup section */
		8D8C607A1F06729A00941B9D = {
			isa = PBXGroup;
			children = (
				8D8C60921F0672F000941B9D /* Classes */,
				8D8C608F1F0672D700941B9D /* Resources */,
			);
			sourceTree = "<group>";
		};
		8D8C608F1F0672D700941B9D /* Resources */ = {
			isa = PBXGroup;
			children = (
				8D764D1B268347620076321A /* AskString.nib */,
				8D764D13268347610076321A /* ExportImageAccessory.nib */,
				8D764D1D268347620076321A /* ExportMovieAccessory.nib */,
				8D764D11268347610076321A /* MainMenu.nib */,
				8D764D15268347610076321A /* NodeBoxDocument.nib */,
				8D764D17268347620076321A /* NodeBoxPreferences.nib */,
				8D764D19268347620076321A /* ProgressBarSheet.nib */,
				8DF274B01FAF40AF00112D6B /* Credits.rtf */,
			);
			name = Resources;
			sourceTree = "<group>";
		};
		8D8C60921F0672F000941B9D /* Classes */ = {
			isa = PBXGroup;
			children = (
				8D8C60A11F06730900941B9D /* AskStringWindowController.py */,
				8D8C60A31F06730900941B9D /* DashboardController.py */,
				8D8C60A51F06730900941B9D /* NodeBoxAppDelegate.py */,
				8D8C60A71F06730900941B9D /* NodeBoxDocument.py */,
				8D8C60A91F06730900941B9D /* NodeBoxPreferencesController.py */,
				8D8C60AB1F06730900941B9D /* ProgressBarController.py */,
			);
			name = Classes;
			sourceTree = "<group>";
		};
/* End PBXGroup section */

/* Begin PBXProject section */
		8D8C607C1F06729A00941B9D /* Project object */ = {
			isa = PBXProject;
			attributes = {
			};
			buildConfigurationList = 8D8C607F1F06729A00941B9D /* Build configuration list for PBXProject "Nodebox-Dummy" */;
			compatibilityVersion = "Xcode 10.0";
			developmentRegion = English;
			hasScannedForEncodings = 0;
			knownRegions = (
				English,
				Japanese,
				French,
				German,
			);
			mainGroup = 8D8C607A1F06729A00941B9D;
			projectDirPath = "";
			projectRoot = "";
			targets = (
			);
		};
/* End PBXProject section */

/* Begin PBXVariantGroup section */
		8D764D11268347610076321A /* MainMenu.nib */ = {
			isa = PBXVariantGroup;
			children = (
				8D764D12268347610076321A /* English */,
			);
			name = MainMenu.nib;
			sourceTree = "<group>";
		};
		8D764D13268347610076321A /* ExportImageAccessory.nib */ = {
			isa = PBXVariantGroup;
			children = (
				8D764D14268347610076321A /* English */,
			);
			name = ExportImageAccessory.nib;
			sourceTree = "<group>";
		};
		8D764D15268347610076321A /* NodeBoxDocument.nib */ = {
			isa = PBXVariantGroup;
			children = (
				8D764D16268347610076321A /* English */,
			);
			name = NodeBoxDocument.nib;
			sourceTree = "<group>";
		};
		8D764D17268347620076321A /* NodeBoxPreferences.nib */ = {
			isa = PBXVariantGroup;
			children = (
				8D764D18268347620076321A /* English */,
			);
			name = NodeBoxPreferences.nib;
			sourceTree = "<group>";
		};
		8D764D19268347620076321A /* ProgressBarSheet.nib */ = {
			isa = PBXVariantGroup;
			children = (
				8D764D1A268347620076321A /* English */,
			);
			name = ProgressBarSheet.nib;
			sourceTree = "<group>";
		};
		8D764D1B268347620076321A /* AskString.nib */ = {
			isa = PBXVariantGroup;
			children = (
				8D764D1C268347620076321A /* English */,
			);
			name = AskString.nib;
			sourceTree = "<group>";
		};
		8D764D1D268347620076321A /* ExportMovieAccessory.nib */ = {
			isa = PBXVariantGroup;
			children = (
				8D764D1E268347620076321A /* English */,
			);
			name = ExportMovieAccessory.nib;
			sourceTree = "<group>";
		};
		8D8C60A11F06730900941B9D /* AskStringWindowController.py */ = {
			isa = PBXVariantGroup;
			children = (
				8D8C60A21F06730900941B9D /* English */,
			);
			name = AskStringWindowController.py;
			sourceTree = "<group>";
		};
		8D8C60A31F06730900941B9D /* DashboardController.py */ = {
			isa = PBXVariantGroup;
			children = (
				8D8C60A41F06730900941B9D /* English */,
			);
			name = DashboardController.py;
			sourceTree = "<group>";
		};
		8D8C60A51F06730900941B9D /* NodeBoxAppDelegate.py */ = {
			isa = PBXVariantGroup;
			children = (
				8D8C60A61F06730900941B9D /* English */,
			);
			name = NodeBoxAppDelegate.py;
			sourceTree = "<group>";
		};
		8D8C60A71F06730900941B9D /* NodeBoxDocument.py */ = {
			isa = PBXVariantGroup;
			children = (
				8D8C60A81F06730900941B9D /* English */,
			);
			name = NodeBoxDocument.py;
			sourceTree = "<group>";
		};
		8D8C60A91F06730900941B9D /* NodeBoxPreferencesController.py */ = {
			isa = PBXVariantGroup;
			children = (
				8D8C60AA1F06730900941B9D /* English */,
			);
			name = NodeBoxPreferencesController.py;
			sourceTree = "<group>";
		};
		8D8C60AB1F06730900941B9D /* ProgressBarController.py */ = {
			isa = PBXVariantGroup;
			children = (
				8D8C60AC1F06730900941B9D /* English */,
			);
			name = ProgressBarController.py;
			sourceTree = "<group>";
		};
		8DF274B01FAF40AF00112D6B /* Credits.rtf */ = {
			isa = PBXVariantGroup;
			children = (
				8DF274B11FAF40AF00112D6B /* English */,
			);
			name = Credits.rtf;
			sourceTree = "<group>";
		};
/* End PBXVariantGroup section */

/* Begin XCBuildConfiguration section */
		8D8C607D1F06729A00941B9D /* Debug */ = {
			isa = XCBuildConfiguration;
			buildSettings = {
				COPY_PHASE_STRIP = NO;
			};
			name = Debug;
		};
		8D8C607E1F06729A00941B9D /* Release */ = {
			isa = XCBuildConfiguration;
			buildSettings = {
				COPY_PHASE_STRIP = YES;
			};
			name = Release;
		};
/* End XCBuildConfiguration section */

/* Begin XCConfigurationList section */
		8D8C607F1F06729A00941B9D /* Build configuration list for PBXProject "Nodebox-Dummy" */ = {
			isa = XCConfigurationList;
			buildConfigurations = (
				8D8C607D1F06729A00941B9D /* Debug */,
				8D8C607E1F06729A00941B9D /* Release */,
			);
			defaultConfigurationIsVisible = 0;
			defaultConfigurationName = Release;
		};
/* End XCConfigurationList section */
	};
	rootObject = 8D8C607C1F06729A00941B9D /* Project object */;
}
